
Microsoft Visual Studio Solution File, Format Version 12.00
# Visual Studio Version 17
VisualStudioVersion = 17.14.36717.8 d17.14
MinimumVisualStudioVersion = 10.0.40219.1
Project("{FAE04EC0-301F-11D3-BF4B-00C04F79EFBC}") = "TodoList", "TodoList\TodoList.csproj", "{ED9B10AB-669E-4A00-970E-30C5AE393B98}"
EndProject
Global
	GlobalSection(SolutionConfigurationPlatforms) = preSolution
		Debug|Any CPU = Debug|Any CPU
		Release|Any CPU = Release|Any CPU
	EndGlobalSection
	GlobalSection(ProjectConfigurationPlatforms) = postSolution
		{ED9B10AB-669E-4A00-970E-30C5AE393B98}.Debug|Any CPU.ActiveCfg = Debug|Any CPU
		{ED9B10AB-669E-4A00-970E-30C5AE393B98}.Debug|Any CPU.Build.0 = Debug|Any CPU
		{ED9B10AB-669E-4A00-970E-30C5AE393B98}.Release|Any CPU.ActiveCfg = Release|Any CPU
		{ED9B10AB-669E-4A00-970E-30C5AE393B98}.Release|Any CPU.Build.0 = Release|Any CPU
	EndGlobalSection
	GlobalSection(SolutionProperties) = preSolution
		HideSolutionNode = FALSE
	EndGlobalSection
	GlobalSection(ExtensibilityGlobals) = postSolution
		SolutionGuid = {3BEA8B41-0114-41AC-95EB-6DFDE6D561C1}
	EndGlobalSection
EndGlobal
